
Microsoft Visual Studio Solution File, Format Version 12.00
# Visual Studio Version 16
VisualStudioVersion = 16.0.31515.178
MinimumVisualStudioVersion = 10.0.40219.1
Project("{F14B399A-7131-4C87-9E4B-1186C45EF12D}") = "Report Project1", "Report Project1\Report Project1.rptproj", "{CE3A7DB2-B7F3-4258-B6E1-7C23784A5B7C}"
EndProject
Global
	GlobalSection(SolutionConfigurationPlatforms) = preSolution
		Debug|Default = Debug|Default
		DebugLocal|Default = DebugLocal|Default
		Release|Default = Release|Default
	EndGlobalSection
	GlobalSection(ProjectConfigurationPlatforms) = postSolution
		{CE3A7DB2-B7F3-4258-B6E1-7C23784A5B7C}.Debug|Default.ActiveCfg = Debug
		{CE3A7DB2-B7F3-4258-B6E1-7C23784A5B7C}.Debug|Default.Build.0 = Debug
		{CE3A7DB2-B7F3-4258-B6E1-7C23784A5B7C}.Debug|Default.Deploy.0 = Debug
		{CE3A7DB2-B7F3-4258-B6E1-7C23784A5B7C}.DebugLocal|Default.ActiveCfg = DebugLocal
		{CE3A7DB2-B7F3-4258-B6E1-7C23784A5B7C}.DebugLocal|Default.Build.0 = DebugLocal
		{CE3A7DB2-B7F3-4258-B6E1-7C23784A5B7C}.Release|Default.ActiveCfg = Release
		{CE3A7DB2-B7F3-4258-B6E1-7C23784A5B7C}.Release|Default.Build.0 = Release
		{CE3A7DB2-B7F3-4258-B6E1-7C23784A5B7C}.Release|Default.Deploy.0 = Release
	EndGlobalSection
	GlobalSection(SolutionProperties) = preSolution
		HideSolutionNode = FALSE
	EndGlobalSection
	GlobalSection(ExtensibilityGlobals) = postSolution
		SolutionGuid = {54F0C2F2-3671-4209-9B88-FC15A82A540F}
	EndGlobalSection
EndGlobal
